// !$*UTF8*$!
{
	archiveVersion = 1;
	classes = {
	};
	objectVersion = 46;
	objects = {

/* Begin PBXBuildFile section */
		9117BFD21E1E336400590C49 /* ServiceControllerTests.swift in Sources */ = {isa = PBXBuildFile; fileRef = 9117BFD11E1E336400590C49 /* ServiceControllerTests.swift */; };
		9117BFD41E1EB60B00590C49 /* ServiceController.swift in Sources */ = {isa = PBXBuildFile; fileRef = 9117BFD31E1EB60B00590C49 /* ServiceController.swift */; };
		9117BFD61E1EB62E00590C49 /* URLSessionProtocol.swift in Sources */ = {isa = PBXBuildFile; fileRef = 9117BFD51E1EB62E00590C49 /* URLSessionProtocol.swift */; };
		9117BFD71E1EB62E00590C49 /* URLSessionProtocol.swift in Sources */ = {isa = PBXBuildFile; fileRef = 9117BFD51E1EB62E00590C49 /* URLSessionProtocol.swift */; };
		9117BFD81E1EB78D00590C49 /* ServiceController.swift in Sources */ = {isa = PBXBuildFile; fileRef = 9117BFD31E1EB60B00590C49 /* ServiceController.swift */; };
		9117BFDA1E1EBAB200590C49 /* MockURLSession.swift in Sources */ = {isa = PBXBuildFile; fileRef = 9117BFD91E1EBAB200590C49 /* MockURLSession.swift */; };
		9117BFE11E1EE33500590C49 /* MockURLSessionDataTask.swift in Sources */ = {isa = PBXBuildFile; fileRef = 9117BFE01E1EE33500590C49 /* MockURLSessionDataTask.swift */; };
		9117BFE31E1EEFF500590C49 /* MockServiceController.swift in Sources */ = {isa = PBXBuildFile; fileRef = 9117BFE21E1EEFF500590C49 /* MockServiceController.swift */; };
		9117BFE51E1F7D0D00590C49 /* ValidAlbumList.json in Resources */ = {isa = PBXBuildFile; fileRef = 9117BFE41E1F7D0D00590C49 /* ValidAlbumList.json */; };
		911D00011E1174BB00D9C124 /* CollectionViewCellViewModel.swift in Sources */ = {isa = PBXBuildFile; fileRef = 911D00001E1174BB00D9C124 /* CollectionViewCellViewModel.swift */; };
		911D00021E1174BB00D9C124 /* CollectionViewCellViewModel.swift in Sources */ = {isa = PBXBuildFile; fileRef = 911D00001E1174BB00D9C124 /* CollectionViewCellViewModel.swift */; };
		911D00041E11CD2F00D9C124 /* CollectionViewSectionHeaderViewModel.swift in Sources */ = {isa = PBXBuildFile; fileRef = 911D00031E11CD2F00D9C124 /* CollectionViewSectionHeaderViewModel.swift */; };
		911D00051E11CD2F00D9C124 /* CollectionViewSectionHeaderViewModel.swift in Sources */ = {isa = PBXBuildFile; fileRef = 911D00031E11CD2F00D9C124 /* CollectionViewSectionHeaderViewModel.swift */; };
		911D00071E11D10300D9C124 /* CollectionViewCellProtocol.swift in Sources */ = {isa = PBXBuildFile; fileRef = 911D00061E11D10300D9C124 /* CollectionViewCellProtocol.swift */; };
		911D00081E11D10300D9C124 /* CollectionViewCellProtocol.swift in Sources */ = {isa = PBXBuildFile; fileRef = 911D00061E11D10300D9C124 /* CollectionViewCellProtocol.swift */; };
		911D000A1E11D7F800D9C124 /* MockCollectionViewCell.swift in Sources */ = {isa = PBXBuildFile; fileRef = 911D00091E11D7F800D9C124 /* MockCollectionViewCell.swift */; };
		911D000C1E11D94800D9C124 /* CollectionViewCellViewModelTests.swift in Sources */ = {isa = PBXBuildFile; fileRef = 911D000B1E11D94800D9C124 /* CollectionViewCellViewModelTests.swift */; };
		911D000E1E127E9900D9C124 /* CollectionViewSectionHeaderProtocol.swift in Sources */ = {isa = PBXBuildFile; fileRef = 911D000D1E127E9900D9C124 /* CollectionViewSectionHeaderProtocol.swift */; };
		911D000F1E127E9900D9C124 /* CollectionViewSectionHeaderProtocol.swift in Sources */ = {isa = PBXBuildFile; fileRef = 911D000D1E127E9900D9C124 /* CollectionViewSectionHeaderProtocol.swift */; };
		911D00131E129E1A00D9C124 /* CollectionViewControllerTests.swift in Sources */ = {isa = PBXBuildFile; fileRef = 911D00121E129E1A00D9C124 /* CollectionViewControllerTests.swift */; };
		911D00151E129E5B00D9C124 /* MockCollectionViewModel.swift in Sources */ = {isa = PBXBuildFile; fileRef = 911D00141E129E5B00D9C124 /* MockCollectionViewModel.swift */; };
		911D00171E12A56800D9C124 /* MockCollectionViewCellViewModel.swift in Sources */ = {isa = PBXBuildFile; fileRef = 911D00161E12A56800D9C124 /* MockCollectionViewCellViewModel.swift */; };
		911D00191E12BC5C00D9C124 /* MockCollectionViewSectionHeaderViewModel.swift in Sources */ = {isa = PBXBuildFile; fileRef = 911D00181E12BC5C00D9C124 /* MockCollectionViewSectionHeaderViewModel.swift */; };
		911D001B1E12BE2D00D9C124 /* UICollectionViewStub.swift in Sources */ = {isa = PBXBuildFile; fileRef = 911D001A1E12BE2D00D9C124 /* UICollectionViewStub.swift */; };
		911D00201E12D13000D9C124 /* CollectionViewCellTests.swift in Sources */ = {isa = PBXBuildFile; fileRef = 911D001F1E12D13000D9C124 /* CollectionViewCellTests.swift */; };
		911D00221E12D14300D9C124 /* CollectionViewSectionHeaderTests.swift in Sources */ = {isa = PBXBuildFile; fileRef = 911D00211E12D14300D9C124 /* CollectionViewSectionHeaderTests.swift */; };
		911D00251E12D1C000D9C124 /* UIImageViewStub.swift in Sources */ = {isa = PBXBuildFile; fileRef = 911D00231E12D1C000D9C124 /* UIImageViewStub.swift */; };
		911D00271E12D1D900D9C124 /* UILabelStub.swift in Sources */ = {isa = PBXBuildFile; fileRef = 911D00261E12D1D900D9C124 /* UILabelStub.swift */; };
		911DFFEF1E111FF000D9C124 /* CityTests.swift in Sources */ = {isa = PBXBuildFile; fileRef = 911DFFEE1E111FF000D9C124 /* CityTests.swift */; };
		911DFFF11E112D2500D9C124 /* PhotoTests.swift in Sources */ = {isa = PBXBuildFile; fileRef = 911DFFF01E112D2500D9C124 /* PhotoTests.swift */; };
		911DFFF31E115B5400D9C124 /* CollectionViewModelTests.swift in Sources */ = {isa = PBXBuildFile; fileRef = 911DFFF21E115B5400D9C124 /* CollectionViewModelTests.swift */; };
		911DFFF81E115D9F00D9C124 /* CollectionViewModel.swift in Sources */ = {isa = PBXBuildFile; fileRef = 911DFFF71E115D9F00D9C124 /* CollectionViewModel.swift */; };
		911DFFF91E115D9F00D9C124 /* CollectionViewModel.swift in Sources */ = {isa = PBXBuildFile; fileRef = 911DFFF71E115D9F00D9C124 /* CollectionViewModel.swift */; };
		911DFFFB1E115F1C00D9C124 /* CollectionViewControllerProtocol.swift in Sources */ = {isa = PBXBuildFile; fileRef = 911DFFFA1E115F1C00D9C124 /* CollectionViewControllerProtocol.swift */; };
		911DFFFC1E115F1C00D9C124 /* CollectionViewControllerProtocol.swift in Sources */ = {isa = PBXBuildFile; fileRef = 911DFFFA1E115F1C00D9C124 /* CollectionViewControllerProtocol.swift */; };
		911DFFFF1E115F8400D9C124 /* MockCollectionViewController.swift in Sources */ = {isa = PBXBuildFile; fileRef = 911DFFFE1E115F8400D9C124 /* MockCollectionViewController.swift */; };
		91604E501E0D9C0300CD07E1 /* Assets.xcassets in Resources */ = {isa = PBXBuildFile; fileRef = 91604E4E1E0D9C0300CD07E1 /* Assets.xcassets */; };
		91604E521E0DA1BD00CD07E1 /* CollectionViewController.swift in Sources */ = {isa = PBXBuildFile; fileRef = 91604E511E0DA1BD00CD07E1 /* CollectionViewController.swift */; };
		91604E531E0DA1BD00CD07E1 /* CollectionViewController.swift in Sources */ = {isa = PBXBuildFile; fileRef = 91604E511E0DA1BD00CD07E1 /* CollectionViewController.swift */; };
		91604E551E0DA20500CD07E1 /* CollectionViewCell.swift in Sources */ = {isa = PBXBuildFile; fileRef = 91604E541E0DA20500CD07E1 /* CollectionViewCell.swift */; };
		91604E561E0DA20500CD07E1 /* CollectionViewCell.swift in Sources */ = {isa = PBXBuildFile; fileRef = 91604E541E0DA20500CD07E1 /* CollectionViewCell.swift */; };
		91604E581E0DA21900CD07E1 /* CollectionViewSectionHeader.swift in Sources */ = {isa = PBXBuildFile; fileRef = 91604E571E0DA21900CD07E1 /* CollectionViewSectionHeader.swift */; };
		91604E591E0DA21900CD07E1 /* CollectionViewSectionHeader.swift in Sources */ = {isa = PBXBuildFile; fileRef = 91604E571E0DA21900CD07E1 /* CollectionViewSectionHeader.swift */; };
		9168DD8F1E204F410009BEA7 /* bar1.jpg in Resources */ = {isa = PBXBuildFile; fileRef = 9168DD8E1E204F410009BEA7 /* bar1.jpg */; };
		9168DD911E20500F0009BEA7 /* MockPhoto.swift in Sources */ = {isa = PBXBuildFile; fileRef = 9168DD901E20500F0009BEA7 /* MockPhoto.swift */; };
		9168DD931E20528A0009BEA7 /* DownloadListenerProtocol.swift in Sources */ = {isa = PBXBuildFile; fileRef = 9168DD921E20528A0009BEA7 /* DownloadListenerProtocol.swift */; };
		9168DD941E20528A0009BEA7 /* DownloadListenerProtocol.swift in Sources */ = {isa = PBXBuildFile; fileRef = 9168DD921E20528A0009BEA7 /* DownloadListenerProtocol.swift */; };
		9168DD961E2054B60009BEA7 /* MockDownloadListener.swift in Sources */ = {isa = PBXBuildFile; fileRef = 9168DD951E2054B60009BEA7 /* MockDownloadListener.swift */; };
		916D5F441E102A04008D2991 /* Photo.swift in Sources */ = {isa = PBXBuildFile; fileRef = 916D5F431E102A04008D2991 /* Photo.swift */; };
		916D5F451E102A04008D2991 /* Photo.swift in Sources */ = {isa = PBXBuildFile; fileRef = 916D5F431E102A04008D2991 /* Photo.swift */; };
		916D5F471E102E24008D2991 /* City.swift in Sources */ = {isa = PBXBuildFile; fileRef = 916D5F461E102E24008D2991 /* City.swift */; };
		916D5F481E102E24008D2991 /* City.swift in Sources */ = {isa = PBXBuildFile; fileRef = 916D5F461E102E24008D2991 /* City.swift */; };
		916D5F4A1E102FFF008D2991 /* Album.swift in Sources */ = {isa = PBXBuildFile; fileRef = 916D5F491E102FFF008D2991 /* Album.swift */; };
		916D5F4B1E102FFF008D2991 /* Album.swift in Sources */ = {isa = PBXBuildFile; fileRef = 916D5F491E102FFF008D2991 /* Album.swift */; };
		916D5F4D1E103933008D2991 /* AlbumTests.swift in Sources */ = {isa = PBXBuildFile; fileRef = 916D5F4C1E103933008D2991 /* AlbumTests.swift */; };
		91BA35421E0D964700ED0252 /* AppDelegate.swift in Sources */ = {isa = PBXBuildFile; fileRef = 91BA35411E0D964700ED0252 /* AppDelegate.swift */; };
		91BA35471E0D964700ED0252 /* Main.storyboard in Resources */ = {isa = PBXBuildFile; fileRef = 91BA35451E0D964700ED0252 /* Main.storyboard */; };
		91BA354C1E0D964800ED0252 /* LaunchScreen.storyboard in Resources */ = {isa = PBXBuildFile; fileRef = 91BA354A1E0D964800ED0252 /* LaunchScreen.storyboard */; };
/* End PBXBuildFile section */

/* Begin PBXContainerItemProxy section */
		91BA35531E0D964800ED0252 /* PBXContainerItemProxy */ = {
			isa = PBXContainerItemProxy;
			containerPortal = 91BA35361E0D964700ED0252 /* Project object */;
			proxyType = 1;
			remoteGlobalIDString = 91BA353D1E0D964700ED0252;
			remoteInfo = PhotoBook;
		};
/* End PBXContainerItemProxy section */

/* Begin PBXFileReference section */
		9117BFD11E1E336400590C49 /* ServiceControllerTests.swift */ = {isa = PBXFileReference; fileEncoding = 4; lastKnownFileType = sourcecode.swift; path = ServiceControllerTests.swift; sourceTree = "<group>"; };
		9117BFD31E1EB60B00590C49 /* ServiceController.swift */ = {isa = PBXFileReference; fileEncoding = 4; lastKnownFileType = sourcecode.swift; path = ServiceController.swift; sourceTree = "<group>"; };
		9117BFD51E1EB62E00590C49 /* URLSessionProtocol.swift */ = {isa = PBXFileReference; fileEncoding = 4; lastKnownFileType = sourcecode.swift; path = URLSessionProtocol.swift; sourceTree = "<group>"; };
		9117BFD91E1EBAB200590C49 /* MockURLSession.swift */ = {isa = PBXFileReference; fileEncoding = 4; lastKnownFileType = sourcecode.swift; path = MockURLSession.swift; sourceTree = "<group>"; };
		9117BFE01E1EE33500590C49 /* MockURLSessionDataTask.swift */ = {isa = PBXFileReference; fileEncoding = 4; lastKnownFileType = sourcecode.swift; path = MockURLSessionDataTask.swift; sourceTree = "<group>"; };
		9117BFE21E1EEFF500590C49 /* MockServiceController.swift */ = {isa = PBXFileReference; fileEncoding = 4; lastKnownFileType = sourcecode.swift; path = MockServiceController.swift; sourceTree = "<group>"; };
		9117BFE41E1F7D0D00590C49 /* ValidAlbumList.json */ = {isa = PBXFileReference; fileEncoding = 4; lastKnownFileType = text.json; path = ValidAlbumList.json; sourceTree = "<group>"; };
		911D00001E1174BB00D9C124 /* CollectionViewCellViewModel.swift */ = {isa = PBXFileReference; fileEncoding = 4; lastKnownFileType = sourcecode.swift; path = CollectionViewCellViewModel.swift; sourceTree = "<group>"; };
		911D00031E11CD2F00D9C124 /* CollectionViewSectionHeaderViewModel.swift */ = {isa = PBXFileReference; fileEncoding = 4; lastKnownFileType = sourcecode.swift; path = CollectionViewSectionHeaderViewModel.swift; sourceTree = "<group>"; };
		911D00061E11D10300D9C124 /* CollectionViewCellProtocol.swift */ = {isa = PBXFileReference; fileEncoding = 4; lastKnownFileType = sourcecode.swift; path = CollectionViewCellProtocol.swift; sourceTree = "<group>"; };
		911D00091E11D7F800D9C124 /* MockCollectionViewCell.swift */ = {isa = PBXFileReference; fileEncoding = 4; lastKnownFileType = sourcecode.swift; path = MockCollectionViewCell.swift; sourceTree = "<group>"; };
		911D000B1E11D94800D9C124 /* CollectionViewCellViewModelTests.swift */ = {isa = PBXFileReference; fileEncoding = 4; lastKnownFileType = sourcecode.swift; path = CollectionViewCellViewModelTests.swift; sourceTree = "<group>"; };
		911D000D1E127E9900D9C124 /* CollectionViewSectionHeaderProtocol.swift */ = {isa = PBXFileReference; fileEncoding = 4; lastKnownFileType = sourcecode.swift; path = CollectionViewSectionHeaderProtocol.swift; sourceTree = "<group>"; };
		911D00121E129E1A00D9C124 /* CollectionViewControllerTests.swift */ = {isa = PBXFileReference; fileEncoding = 4; lastKnownFileType = sourcecode.swift; path = CollectionViewControllerTests.swift; sourceTree = "<group>"; };
		911D00141E129E5B00D9C124 /* MockCollectionViewModel.swift */ = {isa = PBXFileReference; fileEncoding = 4; lastKnownFileType = sourcecode.swift; path = MockCollectionViewModel.swift; sourceTree = "<group>"; };
		911D00161E12A56800D9C124 /* MockCollectionViewCellViewModel.swift */ = {isa = PBXFileReference; fileEncoding = 4; lastKnownFileType = sourcecode.swift; path = MockCollectionViewCellViewModel.swift; sourceTree = "<group>"; };
		911D00181E12BC5C00D9C124 /* MockCollectionViewSectionHeaderViewModel.swift */ = {isa = PBXFileReference; fileEncoding = 4; lastKnownFileType = sourcecode.swift; path = MockCollectionViewSectionHeaderViewModel.swift; sourceTree = "<group>"; };
		911D001A1E12BE2D00D9C124 /* UICollectionViewStub.swift */ = {isa = PBXFileReference; fileEncoding = 4; lastKnownFileType = sourcecode.swift; path = UICollectionViewStub.swift; sourceTree = "<group>"; };
		911D001F1E12D13000D9C124 /* CollectionViewCellTests.swift */ = {isa = PBXFileReference; fileEncoding = 4; lastKnownFileType = sourcecode.swift; path = CollectionViewCellTests.swift; sourceTree = "<group>"; };
		911D00211E12D14300D9C124 /* CollectionViewSectionHeaderTests.swift */ = {isa = PBXFileReference; fileEncoding = 4; lastKnownFileType = sourcecode.swift; path = CollectionViewSectionHeaderTests.swift; sourceTree = "<group>"; };
		911D00231E12D1C000D9C124 /* UIImageViewStub.swift */ = {isa = PBXFileReference; fileEncoding = 4; lastKnownFileType = sourcecode.swift; path = UIImageViewStub.swift; sourceTree = "<group>"; };
		911D00261E12D1D900D9C124 /* UILabelStub.swift */ = {isa = PBXFileReference; fileEncoding = 4; lastKnownFileType = sourcecode.swift; path = UILabelStub.swift; sourceTree = "<group>"; };
		911DFFEE1E111FF000D9C124 /* CityTests.swift */ = {isa = PBXFileReference; fileEncoding = 4; lastKnownFileType = sourcecode.swift; path = CityTests.swift; sourceTree = "<group>"; };
		911DFFF01E112D2500D9C124 /* PhotoTests.swift */ = {isa = PBXFileReference; fileEncoding = 4; lastKnownFileType = sourcecode.swift; path = PhotoTests.swift; sourceTree = "<group>"; };
		911DFFF21E115B5400D9C124 /* CollectionViewModelTests.swift */ = {isa = PBXFileReference; fileEncoding = 4; lastKnownFileType = sourcecode.swift; path = CollectionViewModelTests.swift; sourceTree = "<group>"; };
		911DFFF71E115D9F00D9C124 /* CollectionViewModel.swift */ = {isa = PBXFileReference; fileEncoding = 4; lastKnownFileType = sourcecode.swift; path = CollectionViewModel.swift; sourceTree = "<group>"; };
		911DFFFA1E115F1C00D9C124 /* CollectionViewControllerProtocol.swift */ = {isa = PBXFileReference; fileEncoding = 4; lastKnownFileType = sourcecode.swift; path = CollectionViewControllerProtocol.swift; sourceTree = "<group>"; };
		911DFFFE1E115F8400D9C124 /* MockCollectionViewController.swift */ = {isa = PBXFileReference; fileEncoding = 4; lastKnownFileType = sourcecode.swift; path = MockCollectionViewController.swift; sourceTree = "<group>"; };
		91604E4E1E0D9C0300CD07E1 /* Assets.xcassets */ = {isa = PBXFileReference; lastKnownFileType = folder.assetcatalog; name = Assets.xcassets; path = ../Assets.xcassets; sourceTree = "<group>"; };
		91604E511E0DA1BD00CD07E1 /* CollectionViewController.swift */ = {isa = PBXFileReference; fileEncoding = 4; lastKnownFileType = sourcecode.swift; path = CollectionViewController.swift; sourceTree = "<group>"; };
		91604E541E0DA20500CD07E1 /* CollectionViewCell.swift */ = {isa = PBXFileReference; fileEncoding = 4; lastKnownFileType = sourcecode.swift; path = CollectionViewCell.swift; sourceTree = "<group>"; };
		91604E571E0DA21900CD07E1 /* CollectionViewSectionHeader.swift */ = {isa = PBXFileReference; fileEncoding = 4; lastKnownFileType = sourcecode.swift; path = CollectionViewSectionHeader.swift; sourceTree = "<group>"; };
		9168DD8E1E204F410009BEA7 /* bar1.jpg */ = {isa = PBXFileReference; lastKnownFileType = image.jpeg; path = bar1.jpg; sourceTree = "<group>"; };
		9168DD901E20500F0009BEA7 /* MockPhoto.swift */ = {isa = PBXFileReference; fileEncoding = 4; lastKnownFileType = sourcecode.swift; path = MockPhoto.swift; sourceTree = "<group>"; };
		9168DD921E20528A0009BEA7 /* DownloadListenerProtocol.swift */ = {isa = PBXFileReference; fileEncoding = 4; lastKnownFileType = sourcecode.swift; path = DownloadListenerProtocol.swift; sourceTree = "<group>"; };
		9168DD951E2054B60009BEA7 /* MockDownloadListener.swift */ = {isa = PBXFileReference; fileEncoding = 4; lastKnownFileType = sourcecode.swift; path = MockDownloadListener.swift; sourceTree = "<group>"; };
		916D5F431E102A04008D2991 /* Photo.swift */ = {isa = PBXFileReference; fileEncoding = 4; lastKnownFileType = sourcecode.swift; path = Photo.swift; sourceTree = "<group>"; };
		916D5F461E102E24008D2991 /* City.swift */ = {isa = PBXFileReference; fileEncoding = 4; lastKnownFileType = sourcecode.swift; path = City.swift; sourceTree = "<group>"; };
		916D5F491E102FFF008D2991 /* Album.swift */ = {isa = PBXFileReference; fileEncoding = 4; lastKnownFileType = sourcecode.swift; path = Album.swift; sourceTree = "<group>"; };
		916D5F4C1E103933008D2991 /* AlbumTests.swift */ = {isa = PBXFileReference; fileEncoding = 4; lastKnownFileType = sourcecode.swift; path = AlbumTests.swift; sourceTree = "<group>"; };
		91BA353E1E0D964700ED0252 /* PhotoBook.app */ = {isa = PBXFileReference; explicitFileType = wrapper.application; includeInIndex = 0; path = PhotoBook.app; sourceTree = BUILT_PRODUCTS_DIR; };
		91BA35411E0D964700ED0252 /* AppDelegate.swift */ = {isa = PBXFileReference; lastKnownFileType = sourcecode.swift; path = AppDelegate.swift; sourceTree = "<group>"; };
		91BA35461E0D964700ED0252 /* Base */ = {isa = PBXFileReference; lastKnownFileType = file.storyboard; name = Base; path = Base.lproj/Main.storyboard; sourceTree = "<group>"; };
		91BA354B1E0D964800ED0252 /* Base */ = {isa = PBXFileReference; lastKnownFileType = file.storyboard; name = Base; path = Base.lproj/LaunchScreen.storyboard; sourceTree = "<group>"; };
		91BA354D1E0D964800ED0252 /* Info.plist */ = {isa = PBXFileReference; lastKnownFileType = text.plist.xml; path = Info.plist; sourceTree = "<group>"; };
		91BA35521E0D964800ED0252 /* PhotoBookTests.xctest */ = {isa = PBXFileReference; explicitFileType = wrapper.cfbundle; includeInIndex = 0; path = PhotoBookTests.xctest; sourceTree = BUILT_PRODUCTS_DIR; };
		91BA35581E0D964800ED0252 /* Info.plist */ = {isa = PBXFileReference; lastKnownFileType = text.plist.xml; path = Info.plist; sourceTree = "<group>"; };
/* End PBXFileReference section */

/* Begin PBXFrameworksBuildPhase section */
		91BA353B1E0D964700ED0252 /* Frameworks */ = {
			isa = PBXFrameworksBuildPhase;
			buildActionMask = 2147483647;
			files = (
			);
			runOnlyForDeploymentPostprocessing = 0;
		};
		91BA354F1E0D964800ED0252 /* Frameworks */ = {
			isa = PBXFrameworksBuildPhase;
			buildActionMask = 2147483647;
			files = (
			);
			runOnlyForDeploymentPostprocessing = 0;
		};
/* End PBXFrameworksBuildPhase section */

/* Begin PBXGroup section */
		9117BFD01E1E32E000590C49 /* Controllers */ = {
			isa = PBXGroup;
			children = (
				9117BFD31E1EB60B00590C49 /* ServiceController.swift */,
			);
			name = Controllers;
			sourceTree = "<group>";
		};
		911D00101E129DA000D9C124 /* Stubs */ = {
			isa = PBXGroup;
			children = (
				911D001A1E12BE2D00D9C124 /* UICollectionViewStub.swift */,
				911D00231E12D1C000D9C124 /* UIImageViewStub.swift */,
				911D00261E12D1D900D9C124 /* UILabelStub.swift */,
			);
			name = Stubs;
			sourceTree = "<group>";
		};
		911D00111E129DAE00D9C124 /* TestData */ = {
			isa = PBXGroup;
			children = (
				9168DD8E1E204F410009BEA7 /* bar1.jpg */,
				9117BFE41E1F7D0D00590C49 /* ValidAlbumList.json */,
				91BA35581E0D964800ED0252 /* Info.plist */,
			);
			name = TestData;
			sourceTree = "<group>";
		};
		911DFFFD1E115F7500D9C124 /* Mocks */ = {
			isa = PBXGroup;
			children = (
				911DFFFE1E115F8400D9C124 /* MockCollectionViewController.swift */,
				911D00091E11D7F800D9C124 /* MockCollectionViewCell.swift */,
				911D00141E129E5B00D9C124 /* MockCollectionViewModel.swift */,
				911D00161E12A56800D9C124 /* MockCollectionViewCellViewModel.swift */,
				911D00181E12BC5C00D9C124 /* MockCollectionViewSectionHeaderViewModel.swift */,
				9117BFD91E1EBAB200590C49 /* MockURLSession.swift */,
				9117BFE01E1EE33500590C49 /* MockURLSessionDataTask.swift */,
				9117BFE21E1EEFF500590C49 /* MockServiceController.swift */,
				9168DD901E20500F0009BEA7 /* MockPhoto.swift */,
				9168DD951E2054B60009BEA7 /* MockDownloadListener.swift */,
			);
			name = Mocks;
			sourceTree = "<group>";
		};
		91604E491E0D9B4B00CD07E1 /* View */ = {
			isa = PBXGroup;
			children = (
				91604E511E0DA1BD00CD07E1 /* CollectionViewController.swift */,
				91604E541E0DA20500CD07E1 /* CollectionViewCell.swift */,
				91604E571E0DA21900CD07E1 /* CollectionViewSectionHeader.swift */,
			);
			name = View;
			sourceTree = "<group>";
		};
		91604E4A1E0D9B5100CD07E1 /* Model */ = {
			isa = PBXGroup;
			children = (
				916D5F431E102A04008D2991 /* Photo.swift */,
				916D5F461E102E24008D2991 /* City.swift */,
				916D5F491E102FFF008D2991 /* Album.swift */,
			);
			name = Model;
			sourceTree = "<group>";
		};
		91604E4B1E0D9B5600CD07E1 /* ViewModel */ = {
			isa = PBXGroup;
			children = (
				911DFFF71E115D9F00D9C124 /* CollectionViewModel.swift */,
				911D00001E1174BB00D9C124 /* CollectionViewCellViewModel.swift */,
				911D00031E11CD2F00D9C124 /* CollectionViewSectionHeaderViewModel.swift */,
			);
			name = ViewModel;
			sourceTree = "<group>";
		};
		91604E4C1E0D9B5D00CD07E1 /* Protocols */ = {
			isa = PBXGroup;
			children = (
				911DFFFA1E115F1C00D9C124 /* CollectionViewControllerProtocol.swift */,
				911D00061E11D10300D9C124 /* CollectionViewCellProtocol.swift */,
				911D000D1E127E9900D9C124 /* CollectionViewSectionHeaderProtocol.swift */,
				9117BFD51E1EB62E00590C49 /* URLSessionProtocol.swift */,
				9168DD921E20528A0009BEA7 /* DownloadListenerProtocol.swift */,
			);
			name = Protocols;
			sourceTree = "<group>";
		};
		91BA35351E0D964700ED0252 = {
			isa = PBXGroup;
			children = (
				91BA35401E0D964700ED0252 /* PhotoBook */,
				91BA35551E0D964800ED0252 /* PhotoBookTests */,
				91BA353F1E0D964700ED0252 /* Products */,
			);
			sourceTree = "<group>";
		};
		91BA353F1E0D964700ED0252 /* Products */ = {
			isa = PBXGroup;
			children = (
				91BA353E1E0D964700ED0252 /* PhotoBook.app */,
				91BA35521E0D964800ED0252 /* PhotoBookTests.xctest */,
			);
			name = Products;
			sourceTree = "<group>";
		};
		91BA35401E0D964700ED0252 /* PhotoBook */ = {
			isa = PBXGroup;
			children = (
				9117BFD01E1E32E000590C49 /* Controllers */,
				91604E4C1E0D9B5D00CD07E1 /* Protocols */,
				91604E4B1E0D9B5600CD07E1 /* ViewModel */,
				91604E4A1E0D9B5100CD07E1 /* Model */,
				91604E491E0D9B4B00CD07E1 /* View */,
				91BA35411E0D964700ED0252 /* AppDelegate.swift */,
				91BA35451E0D964700ED0252 /* Main.storyboard */,
				91BA354A1E0D964800ED0252 /* LaunchScreen.storyboard */,
				91604E4E1E0D9C0300CD07E1 /* Assets.xcassets */,
				91BA354D1E0D964800ED0252 /* Info.plist */,
			);
			path = PhotoBook;
			sourceTree = "<group>";
		};
		91BA35551E0D964800ED0252 /* PhotoBookTests */ = {
			isa = PBXGroup;
			children = (
				911D00111E129DAE00D9C124 /* TestData */,
				911D00101E129DA000D9C124 /* Stubs */,
				911DFFFD1E115F7500D9C124 /* Mocks */,
				916D5F4C1E103933008D2991 /* AlbumTests.swift */,
				911DFFEE1E111FF000D9C124 /* CityTests.swift */,
				911DFFF01E112D2500D9C124 /* PhotoTests.swift */,
				911DFFF21E115B5400D9C124 /* CollectionViewModelTests.swift */,
				911D000B1E11D94800D9C124 /* CollectionViewCellViewModelTests.swift */,
				911D00121E129E1A00D9C124 /* CollectionViewControllerTests.swift */,
				911D001F1E12D13000D9C124 /* CollectionViewCellTests.swift */,
				911D00211E12D14300D9C124 /* CollectionViewSectionHeaderTests.swift */,
				9117BFD11E1E336400590C49 /* ServiceControllerTests.swift */,
			);
			path = PhotoBookTests;
			sourceTree = "<group>";
		};
/* End PBXGroup section */

/* Begin PBXNativeTarget section */
		91BA353D1E0D964700ED0252 /* PhotoBook */ = {
			isa = PBXNativeTarget;
			buildConfigurationList = 91BA355B1E0D964800ED0252 /* Build configuration list for PBXNativeTarget "PhotoBook" */;
			buildPhases = (
				91BA353A1E0D964700ED0252 /* Sources */,
				91BA353B1E0D964700ED0252 /* Frameworks */,
				91BA353C1E0D964700ED0252 /* Resources */,
			);
			buildRules = (
			);
			dependencies = (
			);
			name = PhotoBook;
			productName = PhotoBook;
			productReference = 91BA353E1E0D964700ED0252 /* PhotoBook.app */;
			productType = "com.apple.product-type.application";
		};
		91BA35511E0D964800ED0252 /* PhotoBookTests */ = {
			isa = PBXNativeTarget;
			buildConfigurationList = 91BA355E1E0D964800ED0252 /* Build configuration list for PBXNativeTarget "PhotoBookTests" */;
			buildPhases = (
				91BA354E1E0D964800ED0252 /* Sources */,
				91BA354F1E0D964800ED0252 /* Frameworks */,
				91BA35501E0D964800ED0252 /* Resources */,
			);
			buildRules = (
			);
			dependencies = (
				91BA35541E0D964800ED0252 /* PBXTargetDependency */,
			);
			name = PhotoBookTests;
			productName = PhotoBookTests;
			productReference = 91BA35521E0D964800ED0252 /* PhotoBookTests.xctest */;
			productType = "com.apple.product-type.bundle.unit-test";
		};
/* End PBXNativeTarget section */

/* Begin PBXProject section */
		91BA35361E0D964700ED0252 /* Project object */ = {
			isa = PBXProject;
			attributes = {
				LastSwiftUpdateCheck = 0820;
				LastUpgradeCheck = 0820;
				ORGANIZATIONNAME = "ASM Technology Ltd.";
				TargetAttributes = {
					91BA353D1E0D964700ED0252 = {
						CreatedOnToolsVersion = 8.2.1;
						ProvisioningStyle = Automatic;
					};
					91BA35511E0D964800ED0252 = {
						CreatedOnToolsVersion = 8.2.1;
						ProvisioningStyle = Automatic;
						TestTargetID = 91BA353D1E0D964700ED0252;
					};
				};
			};
			buildConfigurationList = 91BA35391E0D964700ED0252 /* Build configuration list for PBXProject "PhotoBook" */;
			compatibilityVersion = "Xcode 3.2";
			developmentRegion = English;
			hasScannedForEncodings = 0;
			knownRegions = (
				en,
				Base,
			);
			mainGroup = 91BA35351E0D964700ED0252;
			productRefGroup = 91BA353F1E0D964700ED0252 /* Products */;
			projectDirPath = "";
			projectRoot = "";
			targets = (
				91BA353D1E0D964700ED0252 /* PhotoBook */,
				91BA35511E0D964800ED0252 /* PhotoBookTests */,
			);
		};
/* End PBXProject section */

/* Begin PBXResourcesBuildPhase section */
		91BA353C1E0D964700ED0252 /* Resources */ = {
			isa = PBXResourcesBuildPhase;
			buildActionMask = 2147483647;
			files = (
				91BA354C1E0D964800ED0252 /* LaunchScreen.storyboard in Resources */,
				91BA35471E0D964700ED0252 /* Main.storyboard in Resources */,
				91604E501E0D9C0300CD07E1 /* Assets.xcassets in Resources */,
			);
			runOnlyForDeploymentPostprocessing = 0;
		};
		91BA35501E0D964800ED0252 /* Resources */ = {
			isa = PBXResourcesBuildPhase;
			buildActionMask = 2147483647;
			files = (
				9117BFE51E1F7D0D00590C49 /* ValidAlbumList.json in Resources */,
				9168DD8F1E204F410009BEA7 /* bar1.jpg in Resources */,
			);
			runOnlyForDeploymentPostprocessing = 0;
		};
/* End PBXResourcesBuildPhase section */

/* Begin PBXSourcesBuildPhase section */
		91BA353A1E0D964700ED0252 /* Sources */ = {
			isa = PBXSourcesBuildPhase;
			buildActionMask = 2147483647;
			files = (
				9117BFD61E1EB62E00590C49 /* URLSessionProtocol.swift in Sources */,
				91604E521E0DA1BD00CD07E1 /* CollectionViewController.swift in Sources */,
				91BA35421E0D964700ED0252 /* AppDelegate.swift in Sources */,
				916D5F471E102E24008D2991 /* City.swift in Sources */,
				91604E551E0DA20500CD07E1 /* CollectionViewCell.swift in Sources */,
				911DFFF81E115D9F00D9C124 /* CollectionViewModel.swift in Sources */,
				9117BFD41E1EB60B00590C49 /* ServiceController.swift in Sources */,
				911D000E1E127E9900D9C124 /* CollectionViewSectionHeaderProtocol.swift in Sources */,
				91604E581E0DA21900CD07E1 /* CollectionViewSectionHeader.swift in Sources */,
				9168DD931E20528A0009BEA7 /* DownloadListenerProtocol.swift in Sources */,
				916D5F4A1E102FFF008D2991 /* Album.swift in Sources */,
				911DFFFB1E115F1C00D9C124 /* CollectionViewControllerProtocol.swift in Sources */,
				911D00071E11D10300D9C124 /* CollectionViewCellProtocol.swift in Sources */,
				916D5F441E102A04008D2991 /* Photo.swift in Sources */,
				911D00011E1174BB00D9C124 /* CollectionViewCellViewModel.swift in Sources */,
				911D00041E11CD2F00D9C124 /* CollectionViewSectionHeaderViewModel.swift in Sources */,
			);
			runOnlyForDeploymentPostprocessing = 0;
		};
		91BA354E1E0D964800ED0252 /* Sources */ = {
			isa = PBXSourcesBuildPhase;
			buildActionMask = 2147483647;
			files = (
				9117BFD71E1EB62E00590C49 /* URLSessionProtocol.swift in Sources */,
				911D00131E129E1A00D9C124 /* CollectionViewControllerTests.swift in Sources */,
				911D00151E129E5B00D9C124 /* MockCollectionViewModel.swift in Sources */,
				911D00251E12D1C000D9C124 /* UIImageViewStub.swift in Sources */,
				911DFFF91E115D9F00D9C124 /* CollectionViewModel.swift in Sources */,
				911D00271E12D1D900D9C124 /* UILabelStub.swift in Sources */,
				911D00171E12A56800D9C124 /* MockCollectionViewCellViewModel.swift in Sources */,
				91604E531E0DA1BD00CD07E1 /* CollectionViewController.swift in Sources */,
				911DFFF11E112D2500D9C124 /* PhotoTests.swift in Sources */,
				9168DD941E20528A0009BEA7 /* DownloadListenerProtocol.swift in Sources */,
				911D00021E1174BB00D9C124 /* CollectionViewCellViewModel.swift in Sources */,
				911D00191E12BC5C00D9C124 /* MockCollectionViewSectionHeaderViewModel.swift in Sources */,
				916D5F481E102E24008D2991 /* City.swift in Sources */,
				911D00051E11CD2F00D9C124 /* CollectionViewSectionHeaderViewModel.swift in Sources */,
				911D000F1E127E9900D9C124 /* CollectionViewSectionHeaderProtocol.swift in Sources */,
				91604E561E0DA20500CD07E1 /* CollectionViewCell.swift in Sources */,
				91604E591E0DA21900CD07E1 /* CollectionViewSectionHeader.swift in Sources */,
				9117BFDA1E1EBAB200590C49 /* MockURLSession.swift in Sources */,
				9117BFE31E1EEFF500590C49 /* MockServiceController.swift in Sources */,
				9168DD961E2054B60009BEA7 /* MockDownloadListener.swift in Sources */,
				916D5F4B1E102FFF008D2991 /* Album.swift in Sources */,
				911DFFFC1E115F1C00D9C124 /* CollectionViewControllerProtocol.swift in Sources */,
				911D00201E12D13000D9C124 /* CollectionViewCellTests.swift in Sources */,
				911D000C1E11D94800D9C124 /* CollectionViewCellViewModelTests.swift in Sources */,
				911D001B1E12BE2D00D9C124 /* UICollectionViewStub.swift in Sources */,
				916D5F451E102A04008D2991 /* Photo.swift in Sources */,
				9168DD911E20500F0009BEA7 /* MockPhoto.swift in Sources */,
				911D000A1E11D7F800D9C124 /* MockCollectionViewCell.swift in Sources */,
				911DFFF31E115B5400D9C124 /* CollectionViewModelTests.swift in Sources */,
				911DFFEF1E111FF000D9C124 /* CityTests.swift in Sources */,
				911D00081E11D10300D9C124 /* CollectionViewCellProtocol.swift in Sources */,
				9117BFE11E1EE33500590C49 /* MockURLSessionDataTask.swift in Sources */,
				9117BFD21E1E336400590C49 /* ServiceControllerTests.swift in Sources */,
				911DFFFF1E115F8400D9C124 /* MockCollectionViewController.swift in Sources */,
				9117BFD81E1EB78D00590C49 /* ServiceController.swift in Sources */,
				916D5F4D1E103933008D2991 /* AlbumTests.swift in Sources */,
				911D00221E12D14300D9C124 /* CollectionViewSectionHeaderTests.swift in Sources */,
			);
			runOnlyForDeploymentPostprocessing = 0;
		};
/* End PBXSourcesBuildPhase section */

/* Begin PBXTargetDependency section */
		91BA35541E0D964800ED0252 /* PBXTargetDependency */ = {
			isa = PBXTargetDependency;
			target = 91BA353D1E0D964700ED0252 /* PhotoBook */;
			targetProxy = 91BA35531E0D964800ED0252 /* PBXContainerItemProxy */;
		};
/* End PBXTargetDependency section */

/* Begin PBXVariantGroup section */
		91BA35451E0D964700ED0252 /* Main.storyboard */ = {
			isa = PBXVariantGroup;
			children = (
				91BA35461E0D964700ED0252 /* Base */,
			);
			name = Main.storyboard;
			sourceTree = "<group>";
		};
		91BA354A1E0D964800ED0252 /* LaunchScreen.storyboard */ = {
			isa = PBXVariantGroup;
			children = (
				91BA354B1E0D964800ED0252 /* Base */,
			);
			name = LaunchScreen.storyboard;
			sourceTree = "<group>";
		};
/* End PBXVariantGroup section */

/* Begin XCBuildConfiguration section */
		91BA35591E0D964800ED0252 /* Debug */ = {
			isa = XCBuildConfiguration;
			buildSettings = {
				ALWAYS_SEARCH_USER_PATHS = NO;
				CLANG_ANALYZER_NONNULL = YES;
				CLANG_CXX_LANGUAGE_STANDARD = "gnu++0x";
				CLANG_CXX_LIBRARY = "libc++";
				CLANG_ENABLE_MODULES = YES;
				CLANG_ENABLE_OBJC_ARC = YES;
				CLANG_WARN_BOOL_CONVERSION = YES;
				CLANG_WARN_CONSTANT_CONVERSION = YES;
				CLANG_WARN_DIRECT_OBJC_ISA_USAGE = YES_ERROR;
				CLANG_WARN_DOCUMENTATION_COMMENTS = YES;
				CLANG_WARN_EMPTY_BODY = YES;
				CLANG_WARN_ENUM_CONVERSION = YES;
				CLANG_WARN_INFINITE_RECURSION = YES;
				CLANG_WARN_INT_CONVERSION = YES;
				CLANG_WARN_OBJC_ROOT_CLASS = YES_ERROR;
				CLANG_WARN_SUSPICIOUS_MOVE = YES;
				CLANG_WARN_UNREACHABLE_CODE = YES;
				CLANG_WARN__DUPLICATE_METHOD_MATCH = YES;
				"CODE_SIGN_IDENTITY[sdk=iphoneos*]" = "iPhone Developer";
				COPY_PHASE_STRIP = NO;
				DEBUG_INFORMATION_FORMAT = dwarf;
				ENABLE_STRICT_OBJC_MSGSEND = YES;
				ENABLE_TESTABILITY = YES;
				GCC_C_LANGUAGE_STANDARD = gnu99;
				GCC_DYNAMIC_NO_PIC = NO;
				GCC_NO_COMMON_BLOCKS = YES;
				GCC_OPTIMIZATION_LEVEL = 0;
				GCC_PREPROCESSOR_DEFINITIONS = (
					"DEBUG=1",
					"$(inherited)",
				);
				GCC_WARN_64_TO_32_BIT_CONVERSION = YES;
				GCC_WARN_ABOUT_RETURN_TYPE = YES_ERROR;
				GCC_WARN_UNDECLARED_SELECTOR = YES;
				GCC_WARN_UNINITIALIZED_AUTOS = YES_AGGRESSIVE;
				GCC_WARN_UNUSED_FUNCTION = YES;
				GCC_WARN_UNUSED_VARIABLE = YES;
				IPHONEOS_DEPLOYMENT_TARGET = 10.2;
				MTL_ENABLE_DEBUG_INFO = YES;
				ONLY_ACTIVE_ARCH = YES;
				SDKROOT = iphoneos;
				SWIFT_ACTIVE_COMPILATION_CONDITIONS = DEBUG;
				SWIFT_OPTIMIZATION_LEVEL = "-Onone";
			};
			name = Debug;
		};
		91BA355A1E0D964800ED0252 /* Release */ = {
			isa = XCBuildConfiguration;
			buildSettings = {
				ALWAYS_SEARCH_USER_PATHS = NO;
				CLANG_ANALYZER_NONNULL = YES;
				CLANG_CXX_LANGUAGE_STANDARD = "gnu++0x";
				CLANG_CXX_LIBRARY = "libc++";
				CLANG_ENABLE_MODULES = YES;
				CLANG_ENABLE_OBJC_ARC = YES;
				CLANG_WARN_BOOL_CONVERSION = YES;
				CLANG_WARN_CONSTANT_CONVERSION = YES;
				CLANG_WARN_DIRECT_OBJC_ISA_USAGE = YES_ERROR;
				CLANG_WARN_DOCUMENTATION_COMMENTS = YES;
				CLANG_WARN_EMPTY_BODY = YES;
				CLANG_WARN_ENUM_CONVERSION = YES;
				CLANG_WARN_INFINITE_RECURSION = YES;
				CLANG_WARN_INT_CONVERSION = YES;
				CLANG_WARN_OBJC_ROOT_CLASS = YES_ERROR;
				CLANG_WARN_SUSPICIOUS_MOVE = YES;
				CLANG_WARN_UNREACHABLE_CODE = YES;
				CLANG_WARN__DUPLICATE_METHOD_MATCH = YES;
				"CODE_SIGN_IDENTITY[sdk=iphoneos*]" = "iPhone Developer";
				COPY_PHASE_STRIP = NO;
				DEBUG_INFORMATION_FORMAT = "dwarf-with-dsym";
				ENABLE_NS_ASSERTIONS = NO;
				ENABLE_STRICT_OBJC_MSGSEND = YES;
				GCC_C_LANGUAGE_STANDARD = gnu99;
				GCC_NO_COMMON_BLOCKS = YES;
				GCC_WARN_64_TO_32_BIT_CONVERSION = YES;
				GCC_WARN_ABOUT_RETURN_TYPE = YES_ERROR;
				GCC_WARN_UNDECLARED_SELECTOR = YES;
				GCC_WARN_UNINITIALIZED_AUTOS = YES_AGGRESSIVE;
				GCC_WARN_UNUSED_FUNCTION = YES;
				GCC_WARN_UNUSED_VARIABLE = YES;
				IPHONEOS_DEPLOYMENT_TARGET = 10.2;
				MTL_ENABLE_DEBUG_INFO = NO;
				SDKROOT = iphoneos;
				SWIFT_OPTIMIZATION_LEVEL = "-Owholemodule";
				VALIDATE_PRODUCT = YES;
			};
			name = Release;
		};
		91BA355C1E0D964800ED0252 /* Debug */ = {
			isa = XCBuildConfiguration;
			buildSettings = {
				ASSETCATALOG_COMPILER_APPICON_NAME = AppIcon;
				INFOPLIST_FILE = PhotoBook/Info.plist;
				LD_RUNPATH_SEARCH_PATHS = "$(inherited) @executable_path/Frameworks";
				PRODUCT_BUNDLE_IDENTIFIER = com.asmtechnology.PhotoBook;
				PRODUCT_NAME = "$(TARGET_NAME)";
				SWIFT_VERSION = 3.0;
			};
			name = Debug;
		};
		91BA355D1E0D964800ED0252 /* Release */ = {
			isa = XCBuildConfiguration;
			buildSettings = {
				ASSETCATALOG_COMPILER_APPICON_NAME = AppIcon;
				INFOPLIST_FILE = PhotoBook/Info.plist;
				LD_RUNPATH_SEARCH_PATHS = "$(inherited) @executable_path/Frameworks";
				PRODUCT_BUNDLE_IDENTIFIER = com.asmtechnology.PhotoBook;
				PRODUCT_NAME = "$(TARGET_NAME)";
				SWIFT_VERSION = 3.0;
			};
			name = Release;
		};
		91BA355F1E0D964800ED0252 /* Debug */ = {
			isa = XCBuildConfiguration;
			buildSettings = {
				ALWAYS_EMBED_SWIFT_STANDARD_LIBRARIES = YES;
				BUNDLE_LOADER = "$(TEST_HOST)";
				INFOPLIST_FILE = PhotoBookTests/Info.plist;
				LD_RUNPATH_SEARCH_PATHS = "$(inherited) @executable_path/Frameworks @loader_path/Frameworks";
				PRODUCT_BUNDLE_IDENTIFIER = com.asmtechnology.PhotoBookTests;
				PRODUCT_NAME = "$(TARGET_NAME)";
				SWIFT_VERSION = 3.0;
				TEST_HOST = "$(BUILT_PRODUCTS_DIR)/PhotoBook.app/PhotoBook";
			};
			name = Debug;
		};
		91BA35601E0D964800ED0252 /* Release */ = {
			isa = XCBuildConfiguration;
			buildSettings = {
				ALWAYS_EMBED_SWIFT_STANDARD_LIBRARIES = YES;
				BUNDLE_LOADER = "$(TEST_HOST)";
				INFOPLIST_FILE = PhotoBookTests/Info.plist;
				LD_RUNPATH_SEARCH_PATHS = "$(inherited) @executable_path/Frameworks @loader_path/Frameworks";
				PRODUCT_BUNDLE_IDENTIFIER = com.asmtechnology.PhotoBookTests;
				PRODUCT_NAME = "$(TARGET_NAME)";
				SWIFT_VERSION = 3.0;
				TEST_HOST = "$(BUILT_PRODUCTS_DIR)/PhotoBook.app/PhotoBook";
			};
			name = Release;
		};
/* End XCBuildConfiguration section */

/* Begin XCConfigurationList section */
		91BA35391E0D964700ED0252 /* Build configuration list for PBXProject "PhotoBook" */ = {
			isa = XCConfigurationList;
			buildConfigurations = (
				91BA35591E0D964800ED0252 /* Debug */,
				91BA355A1E0D964800ED0252 /* Release */,
			);
			defaultConfigurationIsVisible = 0;
			defaultConfigurationName = Release;
		};
		91BA355B1E0D964800ED0252 /* Build configuration list for PBXNativeTarget "PhotoBook" */ = {
			isa = XCConfigurationList;
			buildConfigurations = (
				91BA355C1E0D964800ED0252 /* Debug */,
				91BA355D1E0D964800ED0252 /* Release */,
			);
			defaultConfigurationIsVisible = 0;
			defaultConfigurationName = Release;
		};
		91BA355E1E0D964800ED0252 /* Build configuration list for PBXNativeTarget "PhotoBookTests" */ = {
			isa = XCConfigurationList;
			buildConfigurations = (
				91BA355F1E0D964800ED0252 /* Debug */,
				91BA35601E0D964800ED0252 /* Release */,
			);
			defaultConfigurationIsVisible = 0;
			defaultConfigurationName = Release;
		};
/* End XCConfigurationList section */
	};
	rootObject = 91BA35361E0D964700ED0252 /* Project object */;
}
